
Microsoft Visual Studio Solution File, Format Version 10.00
# Visual Studio 2008
Project("{FAE04EC0-301F-11D3-BF4B-00C04F79EFBC}") = "WspEventServiceTest", "WspEventServiceTest.csproj", "{A36808EB-C648-4244-A00D-AA2A3A2E516F}"
EndProject
Global
	GlobalSection(TeamFoundationVersionControl) = preSolution
	EndGlobalSection
	GlobalSection(SolutionConfigurationPlatforms) = preSolution
		Debug|Any CPU = Debug|Any CPU
		Release|Any CPU = Release|Any CPU
	EndGlobalSection
	GlobalSection(ProjectConfigurationPlatforms) = postSolution
		{A36808EB-C648-4244-A00D-AA2A3A2E516F}.Debug|Any CPU.ActiveCfg = Debug|Any CPU
		{A36808EB-C648-4244-A00D-AA2A3A2E516F}.Debug|Any CPU.Build.0 = Debug|Any CPU
		{A36808EB-C648-4244-A00D-AA2A3A2E516F}.Release|Any CPU.ActiveCfg = Release|Any CPU
		{A36808EB-C648-4244-A00D-AA2A3A2E516F}.Release|Any CPU.Build.0 = Release|Any CPU
	EndGlobalSection
	GlobalSection(SolutionProperties) = preSolution
		HideSolutionNode = FALSE
	EndGlobalSection
EndGlobal
