
Microsoft Visual Studio Solution File, Format Version 10.00
# Visual Studio 2008
Project("{2150E333-8FDC-42A3-9474-1A3956D46DE8}") = "Solution Items", "Solution Items", "{17525635-240D-4078-9750-5DEE099AAE00}"
	ProjectSection(SolutionItems) = preProject
		ApplicationDiagram1.ad = ApplicationDiagram1.ad
	EndProjectSection
EndProject
Project("{54435603-DBB4-11D2-8724-00A0C9A8B90C}") = "WspEventRouterSetupx64Debug", "WspEventRouterSetupx64Debug.vdproj", "{62BD5DDD-BAE9-46B1-B0CD-EEB0D2EDA422}"
	ProjectSection(ProjectDependencies) = postProject
		{7E26768D-A33E-40E9-B3E1-D83752B6EEB3} = {7E26768D-A33E-40E9-B3E1-D83752B6EEB3}
	EndProjectSection
EndProject
Project("{FAE04EC0-301F-11D3-BF4B-00C04F79EFBC}") = "Router", "..\Router\Router.csproj", "{13035A59-30B0-4E47-9471-3C8AA9860538}"
EndProject
Project("{8BC9CEB8-8B4A-11D0-8D11-00A0C91BC942}") = "SharedMemoryMgr", "..\SharedMemoryMgr\SharedMemoryMgr.vcproj", "{7E26768D-A33E-40E9-B3E1-D83752B6EEB3}"
EndProject
Global
	GlobalSection(TeamFoundationVersionControl) = preSolution
	EndGlobalSection
	GlobalSection(SolutionConfigurationPlatforms) = preSolution
		Debug|Any CPU = Debug|Any CPU
		Debug|Mixed Platforms = Debug|Mixed Platforms
		Debug|Win32 = Debug|Win32
		Release|Any CPU = Release|Any CPU
		Release|Mixed Platforms = Release|Mixed Platforms
		Release|Win32 = Release|Win32
	EndGlobalSection
	GlobalSection(ProjectConfigurationPlatforms) = postSolution
		{62BD5DDD-BAE9-46B1-B0CD-EEB0D2EDA422}.Debug|Any CPU.ActiveCfg = Debug
		{62BD5DDD-BAE9-46B1-B0CD-EEB0D2EDA422}.Debug|Any CPU.Build.0 = Debug
		{62BD5DDD-BAE9-46B1-B0CD-EEB0D2EDA422}.Debug|Mixed Platforms.ActiveCfg = Debug
		{62BD5DDD-BAE9-46B1-B0CD-EEB0D2EDA422}.Debug|Mixed Platforms.Build.0 = Debug
		{62BD5DDD-BAE9-46B1-B0CD-EEB0D2EDA422}.Debug|Win32.ActiveCfg = Debug
		{62BD5DDD-BAE9-46B1-B0CD-EEB0D2EDA422}.Debug|Win32.Build.0 = Debug
		{62BD5DDD-BAE9-46B1-B0CD-EEB0D2EDA422}.Release|Any CPU.ActiveCfg = Release
		{62BD5DDD-BAE9-46B1-B0CD-EEB0D2EDA422}.Release|Any CPU.Build.0 = Release
		{62BD5DDD-BAE9-46B1-B0CD-EEB0D2EDA422}.Release|Mixed Platforms.ActiveCfg = Release
		{62BD5DDD-BAE9-46B1-B0CD-EEB0D2EDA422}.Release|Mixed Platforms.Build.0 = Release
		{62BD5DDD-BAE9-46B1-B0CD-EEB0D2EDA422}.Release|Win32.ActiveCfg = Release
		{62BD5DDD-BAE9-46B1-B0CD-EEB0D2EDA422}.Release|Win32.Build.0 = Release
		{13035A59-30B0-4E47-9471-3C8AA9860538}.Debug|Any CPU.ActiveCfg = Debug|Any CPU
		{13035A59-30B0-4E47-9471-3C8AA9860538}.Debug|Any CPU.Build.0 = Debug|Any CPU
		{13035A59-30B0-4E47-9471-3C8AA9860538}.Debug|Mixed Platforms.ActiveCfg = Debug|Any CPU
		{13035A59-30B0-4E47-9471-3C8AA9860538}.Debug|Mixed Platforms.Build.0 = Debug|Any CPU
		{13035A59-30B0-4E47-9471-3C8AA9860538}.Debug|Win32.ActiveCfg = Debug|Any CPU
		{13035A59-30B0-4E47-9471-3C8AA9860538}.Release|Any CPU.ActiveCfg = Release|Any CPU
		{13035A59-30B0-4E47-9471-3C8AA9860538}.Release|Any CPU.Build.0 = Release|Any CPU
		{13035A59-30B0-4E47-9471-3C8AA9860538}.Release|Mixed Platforms.ActiveCfg = Release|Any CPU
		{13035A59-30B0-4E47-9471-3C8AA9860538}.Release|Mixed Platforms.Build.0 = Release|Any CPU
		{13035A59-30B0-4E47-9471-3C8AA9860538}.Release|Win32.ActiveCfg = Release|Any CPU
		{7E26768D-A33E-40E9-B3E1-D83752B6EEB3}.Debug|Any CPU.ActiveCfg = Debug|Win32
		{7E26768D-A33E-40E9-B3E1-D83752B6EEB3}.Debug|Mixed Platforms.ActiveCfg = Debug|Win32
		{7E26768D-A33E-40E9-B3E1-D83752B6EEB3}.Debug|Mixed Platforms.Build.0 = Debug|Win32
		{7E26768D-A33E-40E9-B3E1-D83752B6EEB3}.Debug|Win32.ActiveCfg = Debug|Win32
		{7E26768D-A33E-40E9-B3E1-D83752B6EEB3}.Debug|Win32.Build.0 = Debug|Win32
		{7E26768D-A33E-40E9-B3E1-D83752B6EEB3}.Release|Any CPU.ActiveCfg = Release|Win32
		{7E26768D-A33E-40E9-B3E1-D83752B6EEB3}.Release|Mixed Platforms.ActiveCfg = Release|Win32
		{7E26768D-A33E-40E9-B3E1-D83752B6EEB3}.Release|Mixed Platforms.Build.0 = Release|Win32
		{7E26768D-A33E-40E9-B3E1-D83752B6EEB3}.Release|Win32.ActiveCfg = Release|Win32
		{7E26768D-A33E-40E9-B3E1-D83752B6EEB3}.Release|Win32.Build.0 = Release|Win32
	EndGlobalSection
	GlobalSection(SolutionProperties) = preSolution
		HideSolutionNode = FALSE
	EndGlobalSection
EndGlobal
